lockfileVersion: '9.0'

settings:
  autoInstallPeers: true
  excludeLinksFromLockfile: false

importers:

  .:
    dependencies:
      '@solana-program/memo':
        specifier: 0.15.0
        version: 0.15.0(@solana/kit@8.4.0)
      '@solana/kit':
        specifier: 8.4.0
        version: 8.4.0
      '@solana/kit-plugin-rpc':
        specifier: 0.19.0
        version: 0.19.0(@solana/kit@8.4.0)
      '@solana/kit-plugin-wallet':
        specifier: 0.20.0
        version: 0.20.0(@solana/kit@8.4.0)
    devDependencies:
      esbuild:
        specifier: 0.25.0
        version: 0.25.0

packages:

  '@esbuild/aix-ppc64@0.25.0':
    resolution: {integrity: sha512-O7vun9Sf8DFjH2UtqK8Ku3LkquL9SZL8OLY1T5NZkA34+wG3OQF7cl4Ql8vdNzM6fzBbYfLaiRLIOZ+2FOCgBQ==}
    engines: {node: '>=18'}
    cpu: [ppc64]
    os: [aix]

  '@esbuild/android-arm64@0.25.0':
    resolution: {integrity: sha512-grvv8WncGjDSyUBjN9yHXNt+cq0snxXbDxy5pJtzMKGmmpPxeAmAhWxXI+01lU5rwZomDgD3kJwulEnhTRUd6g==}
    engines: {node: '>=18'}
    cpu: [arm64]
    os: [android]

  '@esbuild/android-arm@0.25.0':
    resolution: {integrity: sha512-PTyWCYYiU0+1eJKmw21lWtC+d08JDZPQ5g+kFyxP0V+es6VPPSUhM6zk8iImp2jbV6GwjX4pap0JFbUQN65X1g==}
    engines: {node: '>=18'}
    cpu: [arm]
    os: [android]

  '@esbuild/android-x64@0.25.0':
    resolution: {integrity: sha512-m/ix7SfKG5buCnxasr52+LI78SQ+wgdENi9CqyCXwjVR2X4Jkz+BpC3le3AoBPYTC9NHklwngVXvbJ9/Akhrfg==}
    engines: {node: '>=18'}
    cpu: [x64]
    os: [android]

  '@esbuild/darwin-arm64@0.25.0':
    resolution: {integrity: sha512-mVwdUb5SRkPayVadIOI78K7aAnPamoeFR2bT5nszFUZ9P8UpK4ratOdYbZZXYSqPKMHfS1wdHCJk1P1EZpRdvw==}
    engines: {node: '>=18'}
    cpu: [arm64]
    os: [darwin]

  '@esbuild/darwin-x64@0.25.0':
    resolution: {integrity: sha512-DgDaYsPWFTS4S3nWpFcMn/33ZZwAAeAFKNHNa1QN0rI4pUjgqf0f7ONmXf6d22tqTY+H9FNdgeaAa+YIFUn2Rg==}
    engines: {node: '>=18'}
    cpu: [x64]
    os: [darwin]

  '@esbuild/freebsd-arm64@0.25.0':
    resolution: {integrity: sha512-VN4ocxy6dxefN1MepBx/iD1dH5K8qNtNe227I0mnTRjry8tj5MRk4zprLEdG8WPyAPb93/e4pSgi1SoHdgOa4w==}
    engines: {node: '>=18'}
    cpu: [arm64]
    os: [freebsd]

  '@esbuild/freebsd-x64@0.25.0':
    resolution: {integrity: sha512-mrSgt7lCh07FY+hDD1TxiTyIHyttn6vnjesnPoVDNmDfOmggTLXRv8Id5fNZey1gl/V2dyVK1VXXqVsQIiAk+A==}
    engines: {node: '>=18'}
    cpu: [x64]
    os: [freebsd]

  '@esbuild/linux-arm64@0.25.0':
    resolution: {integrity: sha512-9QAQjTWNDM/Vk2bgBl17yWuZxZNQIF0OUUuPZRKoDtqF2k4EtYbpyiG5/Dk7nqeK6kIJWPYldkOcBqjXjrUlmg==}
    engines: {node: '>=18'}
    cpu: [arm64]
    os: [linux]

  '@esbuild/linux-arm@0.25.0':
    resolution: {integrity: sha512-vkB3IYj2IDo3g9xX7HqhPYxVkNQe8qTK55fraQyTzTX/fxaDtXiEnavv9geOsonh2Fd2RMB+i5cbhu2zMNWJwg==}
    engines: {node: '>=18'}
    cpu: [arm]
    os: [linux]

  '@esbuild/linux-ia32@0.25.0':
    resolution: {integrity: sha512-43ET5bHbphBegyeqLb7I1eYn2P/JYGNmzzdidq/w0T8E2SsYL1U6un2NFROFRg1JZLTzdCoRomg8Rvf9M6W6Gg==}
    engines: {node: '>=18'}
    cpu: [ia32]
    os: [linux]

  '@esbuild/linux-loong64@0.25.0':
    resolution: {integrity: sha512-fC95c/xyNFueMhClxJmeRIj2yrSMdDfmqJnyOY4ZqsALkDrrKJfIg5NTMSzVBr5YW1jf+l7/cndBfP3MSDpoHw==}
    engines: {node: '>=18'}
    cpu: [loong64]
    os: [linux]

  '@esbuild/linux-mips64el@0.25.0':
    resolution: {integrity: sha512-nkAMFju7KDW73T1DdH7glcyIptm95a7Le8irTQNO/qtkoyypZAnjchQgooFUDQhNAy4iu08N79W4T4pMBwhPwQ==}
    engines: {node: '>=18'}
    cpu: [mips64el]
    os: [linux]

  '@esbuild/linux-ppc64@0.25.0':
    resolution: {integrity: sha512-NhyOejdhRGS8Iwv+KKR2zTq2PpysF9XqY+Zk77vQHqNbo/PwZCzB5/h7VGuREZm1fixhs4Q/qWRSi5zmAiO4Fw==}
    engines: {node: '>=18'}
    cpu: [ppc64]
    os: [linux]

  '@esbuild/linux-riscv64@0.25.0':
    resolution: {integrity: sha512-5S/rbP5OY+GHLC5qXp1y/Mx//e92L1YDqkiBbO9TQOvuFXM+iDqUNG5XopAnXoRH3FjIUDkeGcY1cgNvnXp/kA==}
    engines: {node: '>=18'}
    cpu: [riscv64]
    os: [linux]

  '@esbuild/linux-s390x@0.25.0':
    resolution: {integrity: sha512-XM2BFsEBz0Fw37V0zU4CXfcfuACMrppsMFKdYY2WuTS3yi8O1nFOhil/xhKTmE1nPmVyvQJjJivgDT+xh8pXJA==}
    engines: {node: '>=18'}
    cpu: [s390x]
    os: [linux]

  '@esbuild/linux-x64@0.25.0':
    resolution: {integrity: sha512-9yl91rHw/cpwMCNytUDxwj2XjFpxML0y9HAOH9pNVQDpQrBxHy01Dx+vaMu0N1CKa/RzBD2hB4u//nfc+Sd3Cw==}
    engines: {node: '>=18'}
    cpu: [x64]
    os: [linux]

  '@esbuild/netbsd-arm64@0.25.0':
    resolution: {integrity: sha512-RuG4PSMPFfrkH6UwCAqBzauBWTygTvb1nxWasEJooGSJ/NwRw7b2HOwyRTQIU97Hq37l3npXoZGYMy3b3xYvPw==}
    engines: {node: '>=18'}
    cpu: [arm64]
    os: [netbsd]

  '@esbuild/netbsd-x64@0.25.0':
    resolution: {integrity: sha512-jl+qisSB5jk01N5f7sPCsBENCOlPiS/xptD5yxOx2oqQfyourJwIKLRA2yqWdifj3owQZCL2sn6o08dBzZGQzA==}
    engines: {node: '>=18'}
    cpu: [x64]
    os: [netbsd]

  '@esbuild/openbsd-arm64@0.25.0':
    resolution: {integrity: sha512-21sUNbq2r84YE+SJDfaQRvdgznTD8Xc0oc3p3iW/a1EVWeNj/SdUCbm5U0itZPQYRuRTW20fPMWMpcrciH2EJw==}
    engines: {node: '>=18'}
    cpu: [arm64]
    os: [openbsd]

  '@esbuild/openbsd-x64@0.25.0':
    resolution: {integrity: sha512-2gwwriSMPcCFRlPlKx3zLQhfN/2WjJ2NSlg5TKLQOJdV0mSxIcYNTMhk3H3ulL/cak+Xj0lY1Ym9ysDV1igceg==}
    engines: {node: '>=18'}
    cpu: [x64]
    os: [openbsd]

  '@esbuild/sunos-x64@0.25.0':
    resolution: {integrity: sha512-bxI7ThgLzPrPz484/S9jLlvUAHYMzy6I0XiU1ZMeAEOBcS0VePBFxh1JjTQt3Xiat5b6Oh4x7UC7IwKQKIJRIg==}
    engines: {node: '>=18'}
    cpu: [x64]
    os: [sunos]

  '@esbuild/win32-arm64@0.25.0':
    resolution: {integrity: sha512-ZUAc2YK6JW89xTbXvftxdnYy3m4iHIkDtK3CLce8wg8M2L+YZhIvO1DKpxrd0Yr59AeNNkTiic9YLf6FTtXWMw==}
    engines: {node: '>=18'}
    cpu: [arm64]
    os: [win32]

  '@esbuild/win32-ia32@0.25.0':
    resolution: {integrity: sha512-eSNxISBu8XweVEWG31/JzjkIGbGIJN/TrRoiSVZwZ6pkC6VX4Im/WV2cz559/TXLcYbcrDN8JtKgd9DJVIo8GA==}
    engines: {node: '>=18'}
    cpu: [ia32]
    os: [win32]

  '@esbuild/win32-x64@0.25.0':
    resolution: {integrity: sha512-ZENoHJBxA20C2zFzh6AI4fT6RraMzjYw4xKWemRTRmRVtN9c5DcH9r/f2ihEkMjOW5eGgrwCslG/+Y/3bL+DHQ==}
    engines: {node: '>=18'}
    cpu: [x64]
    os: [win32]

  '@solana-program/memo@0.15.0':
    resolution: {integrity: sha512-OofePobs2d+mZpCYq/dJ1Mv4//TVBHiYZN1is9CfsrkuMJboVK3ghv9T1bzdbM4OcywGLEyvZ4HjCByfg3RWwg==}
    peerDependencies:
      '@solana/kit': ^8.3.0

  '@solana/accounts@8.4.0':
    resolution: {integrity: sha512-YklERWeG5UD2fzxR0zwWgzCVyuHRqg6eTIyGBAe8hOWIim8TYS1aPBVFAlVkSZiAXaFRxmu1E3IRfeCe/QSQmg==}
    engines: {node: '>=20.18.0'}
    peerDependencies:
      typescript: '>=5.4.0'
    peerDependenciesMeta:
      typescript:
        optional: true

  '@solana/addresses@8.4.0':
    resolution: {integrity: sha512-5nF1AAaCtmaSEHcFIIs6TPMIWplaYBxeJ2ZR0z5oPIY+fjpWb9lxCuJyYQxYKHIvp4OdSiueW0q11yXrnyqM+A==}
    engines: {node: '>=20.18.0'}
    peerDependencies:
      typescript: '>=5.4.0'
    peerDependenciesMeta:
      typescript:
        optional: true

  '@solana/assertions@8.4.0':
    resolution: {integrity: sha512-Pg/PKw/fA+KIHp6X6aGx4fIkr6S7k7wUw7v8Rkr3TkY4tzrbjZDnXEgv1/8dxGh+IX3UNb+5stD8rtAAscxW1g==}
    engines: {node: '>=20.18.0'}
    peerDependencies:
      typescript: '>=5.4.0'
    peerDependenciesMeta:
      typescript:
        optional: true

  '@solana/codecs-core@8.4.0':
    resolution: {integrity: sha512-HOsIB3Ic/qnlXv4V0Q5gpxFxBy5pBiINpEMtCzGtHRnj7mI3Amsh8HKR7x9nbP1SBDuDlOrP/Mds9yIqyKn8TQ==}
    engines: {node: '>=20.18.0'}
    peerDependencies:
      typescript: '>=5.4.0'
    peerDependenciesMeta:
      typescript:
        optional: true

  '@solana/codecs-data-structures@8.4.0':
    resolution: {integrity: sha512-qx9EnKGZzpiNonUoYNMZC4gfw86jfu4uShh0bcWb1o9dPU1kgZ/xCsCgTRf/5WEPZU2fbPNGtvVMr4dKWCTjzw==}
    engines: {node: '>=20.18.0'}
    peerDependencies:
      typescript: '>=5.4.0'
    peerDependenciesMeta:
      typescript:
        optional: true

  '@solana/codecs-numbers@8.4.0':
    resolution: {integrity: sha512-A9SlaBylkTFjtBiVrFUX3We5SZK4L/Q6SKpPyazZQ1MTCO0FyTuKyZwDART2Pzg+C/5xLWjSns+FSTR8FhD/Rg==}
    engines: {node: '>=20.18.0'}
    peerDependencies:
      typescript: '>=5.4.0'
    peerDependenciesMeta:
      typescript:
        optional: true

  '@solana/codecs-strings@8.4.0':
    resolution: {integrity: sha512-jQhRrJT3ZoeDoSA5DtGxPmI5ODJi3STTCrtIXIniLr1J1cXUSlPfYe8BKOurNwC+SlEJyRmKfpVze+qeLacmmw==}
    engines: {node: '>=20.18.0'}
    peerDependencies:
      fastestsmallesttextencoderdecoder: ^1.0.22
      typescript: '>=5.4.0'
    peerDependenciesMeta:
      fastestsmallesttextencoderdecoder:
        optional: true
      typescript:
        optional: true

  '@solana/codecs@8.4.0':
    resolution: {integrity: sha512-mY7CpMQ4nbecxQIyvslEw7nEreiY0QVvg+aZOPbrBjIiZxu2qj9fyhCrDXJdQlcJ+aYh1sInbR8KARpmHgJLQg==}
    engines: {node: '>=20.18.0'}
    peerDependencies:
      typescript: '>=5.4.0'
    peerDependenciesMeta:
      typescript:
        optional: true

  '@solana/errors@8.4.0':
    resolution: {integrity: sha512-t59ageeK8xa6LrCzj93QEhYtVr5t3GdnTH3qJMGqrCFMYM6IvNFLljlz4N75X+xYktj3sRABTrNoCfekeQlckA==}
    engines: {node: '>=20.18.0'}
    hasBin: true
    peerDependencies:
      typescript: '>=5.4.0'
    peerDependenciesMeta:
      typescript:
        optional: true

  '@solana/fast-stable-stringify@8.4.0':
    resolution: {integrity: sha512-XKVKeocf0T9hjmUHKrOG+exxfZmv+IPQrdkvuTdegyB6V5X4aOlR6IfrJQiTMsJx6IY4EAW3aisxTgZmH5OlYg==}
    engines: {node: '>=20.18.0'}
    peerDependencies:
      typescript: '>=5.4.0'
    peerDependenciesMeta:
      typescript:
        optional: true

  '@solana/fixed-points@8.4.0':
    resolution: {integrity: sha512-YzWZDPn3B6o3j+leuOhxH7Soip12NJVx5lJaRpEeBB4AcJczTiKGCQMSsxQglGSRHc0jwfrH4+Uxla1BlCkgBg==}
    engines: {node: '>=20.18.0'}
    peerDependencies:
      typescript: '>=5.4.0'
    peerDependenciesMeta:
      typescript:
        optional: true

  '@solana/functional@8.4.0':
    resolution: {integrity: sha512-q5pEoqAtEGFsJXK3mnlemLinzRJHvOMjGmuLoWU6c33NQHjfpTEz80hjnRA25BABMLC0l/vhymeLh+YhUv/szw==}
    engines: {node: '>=20.18.0'}
    peerDependencies:
      typescript: '>=5.4.0'
    peerDependenciesMeta:
      typescript:
        optional: true

  '@solana/instruction-plans@8.4.0':
    resolution: {integrity: sha512-+qY9d2Jzt2uxzjXs/ZZi448MbpMH0fiB3pWy8krUbCxW8eTl8tMuqIZvltMe05FldFR432xi6xFeMVl0Bw4CWA==}
    engines: {node: '>=20.18.0'}
    peerDependencies:
      typescript: '>=5.4.0'
    peerDependenciesMeta:
      typescript:
        optional: true

  '@solana/instructions@8.4.0':
    resolution: {integrity: sha512-muT/BBKDTl0UsHsnKySVaNBWIcHbs8nn8nOd1GI9J0OvX4gV/pNtaJfrEW+ETX9SjcIB4AcBQZsIr3LjavvrKQ==}
    engines: {node: '>=20.18.0'}
    peerDependencies:
      typescript: '>=5.4.0'
    peerDependenciesMeta:
      typescript:
        optional: true

  '@solana/keys@8.4.0':
    resolution: {integrity: sha512-arjjFlJLBnGq0PWWswqO1n8kHxW02EbP9KTCoZo/TYDcSDcPdC4gL4fjAxbP6t5fVXTIu1tM3QGmab6FZxnmJg==}
    engines: {node: '>=20.18.0'}
    peerDependencies:
      typescript: '>=5.4.0'
    peerDependenciesMeta:
      typescript:
        optional: true

  '@solana/kit-plugin-instruction-plan@0.19.0':
    resolution: {integrity: sha512-62gh9R3jTMuU3UOPNuerQF9QRGM3TTRlVjD4Ukt78Vt3pdKpjx7g311DEDoP3SkKLw1q9UNc0KSKSbIsShFLwg==}
    peerDependencies:
      '@solana/kit': ^8.2.0

  '@solana/kit-plugin-rpc@0.19.0':
    resolution: {integrity: sha512-N3nOdC4AEKJ5q9dT6pb7HEPpPelSHNWFkEUeKuf7fy9/9ErLAhYSZD7U6gOyRcCYK5oNyK5YZoCY5IHeqbOuOQ==}
    peerDependencies:
      '@solana/kit': ^8.2.0

  '@solana/kit-plugin-wallet@0.20.0':
    resolution: {integrity: sha512-Pw3aKJoORkU4bxRjCu5nsRiNi7f2garKi7HjQDo7rCnSrj5y/Qp7wK5mHXTLiep9+CahDLS+aPbX4TFd867DKw==}
    peerDependencies:
      '@solana/kit': ^8.2.0
      '@solana/react': ^8.2.0
      react: ^19.2.8
    peerDependenciesMeta:
      '@solana/react':
        optional: true
      react:
        optional: true

  '@solana/kit@8.4.0':
    resolution: {integrity: sha512-jbexijXuCqQ7MV5lFzPDEsVScreFENkhUOUVofniTkBsfi67cYGgEeGzJa7oskHGyXcWaEogW0VPVh4ep3cWnw==}
    engines: {node: '>=20.18.0'}
    peerDependencies:
      typescript: '>=5.4.0'
    peerDependenciesMeta:
      typescript:
        optional: true

  '@solana/nominal-types@8.4.0':
    resolution: {integrity: sha512-01LNXtH3THaR0SFXbJ9iXhaZAVBfLJoHWYC/x2GdNIontc45qMX8wFtglZe4RaT528/kre6J+f+4NGGGd4+YPA==}
    engines: {node: '>=20.18.0'}
    peerDependencies:
      typescript: '>=5.4.0'
    peerDependenciesMeta:
      typescript:
        optional: true

  '@solana/offchain-messages@8.4.0':
    resolution: {integrity: sha512-vE28aDf14XldqoYGwwRG1OvsUKVal1FTxM+O1p1bPHho0bQgUiHvqtsDvQtTZBPJpx7d4l5Xo7TKN4DVZ+VgTQ==}
    engines: {node: '>=20.18.0'}
    peerDependencies:
      typescript: '>=5.4.0'
    peerDependenciesMeta:
      typescript:
        optional: true

  '@solana/options@8.4.0':
    resolution: {integrity: sha512-3fnmCT/WNWOMpD5uhyi1/aI4fwtb13MQSEqiTqsboZhHClli1WAOyPhyC5I/YeJ7wF+RMzX8UE/11KU9IMazNA==}
    engines: {node: '>=20.18.0'}
    peerDependencies:
      typescript: '>=5.4.0'
    peerDependenciesMeta:
      typescript:
        optional: true

  '@solana/plugin-core@8.4.0':
    resolution: {integrity: sha512-mRB5iQ+ZEISGyHnFvFDUJyDmK7YbPxmsJk38SKg3ncxqcSxMEhK4hZ7kJBo2UMsyDX1Sn2VSGJYPhZwdOa3s8w==}
    engines: {node: '>=20.18.0'}
    peerDependencies:
      typescript: '>=5.4.0'
    peerDependenciesMeta:
      typescript:
        optional: true

  '@solana/plugin-interfaces@8.4.0':
    resolution: {integrity: sha512-R1y8z9aBCHXnx7Aqax4ORBaC1wQaHS+KQjnbNEbVZijeJhfoKbSBA5vwlweEZPKT+l2iPL9jlxPrDlVDl4NyhQ==}
    engines: {node: '>=20.18.0'}
    peerDependencies:
      typescript: '>=5.4.0'
    peerDependenciesMeta:
      typescript:
        optional: true

  '@solana/program-client-core@8.4.0':
    resolution: {integrity: sha512-GBgz9wHMp2BOKRTp/IAATooTLPIe+6Y0jCTYOSkXME9F7xyh1o7mGu0lEbotnB6C3fubaXzU6Swk9SYskl7Sig==}
    engines: {node: '>=20.18.0'}
    peerDependencies:
      typescript: '>=5.4.0'
    peerDependenciesMeta:
      typescript:
        optional: true

  '@solana/programs@8.4.0':
    resolution: {integrity: sha512-KZvtGP7spytak0igTSb1tulNc5fhCEyjYNlMBObveohVhrzT7/t7M6ioqcJpAvv1bWm+E7E4FI5B+fjMKMpAxQ==}
    engines: {node: '>=20.18.0'}
    peerDependencies:
      typescript: '>=5.4.0'
    peerDependenciesMeta:
      typescript:
        optional: true

  '@solana/promises@8.4.0':
    resolution: {integrity: sha512-keb+TXJZHRT605HLakRanfjnSVUFYG6za+P7W8UDKA2ZUp+LTi1As5fQTkhRyFO/GOrbmP9a7lYC5eNGAekg6w==}
    engines: {node: '>=20.18.0'}
    peerDependencies:
      typescript: '>=5.4.0'
    peerDependenciesMeta:
      typescript:
        optional: true

  '@solana/rpc-api@8.4.0':
    resolution: {integrity: sha512-tD26U9U7pOQoLiTp7MoyWYPSmnvLAa9OrpQPGQ8NVUU7xXOeVKSKRe3rI4EL/zzcPNXeCAKtLJ449u8ejLT7LA==}
    engines: {node: '>=20.18.0'}
    peerDependencies:
      typescript: '>=5.4.0'
    peerDependenciesMeta:
      typescript:
        optional: true

  '@solana/rpc-parsed-types@8.4.0':
    resolution: {integrity: sha512-/vBcGcLy/W1r8t0ST+gc3EqVPFx7dRFxkt5RoYE9tepEiroOwLbVg7rKtgtKifkFBODSVDcupEkTBBhRbWpB9A==}
    engines: {node: '>=20.18.0'}
    peerDependencies:
      typescript: '>=5.4.0'
    peerDependenciesMeta:
      typescript:
        optional: true

  '@solana/rpc-spec-types@8.4.0':
    resolution: {integrity: sha512-YnxoUzWy/bwdclB3ipu7+4/mnnb4Jqmgq1O20zhQ81cUGZseEWy++Y4GJA0OBZvrcDHhoRntSd26ABg9q0XaVg==}
    engines: {node: '>=20.18.0'}
    peerDependencies:
      typescript: '>=5.4.0'
    peerDependenciesMeta:
      typescript:
        optional: true

  '@solana/rpc-spec@8.4.0':
    resolution: {integrity: sha512-g5R8jJoYDjwb4sEUw8PxReAw5OETSjWSgMF+f/Q+0BGRiX+hNO//3qxWRL0rpWAnHi9R03W5Li/sPOYC8IGL1Q==}
    engines: {node: '>=20.18.0'}
    peerDependencies:
      typescript: '>=5.4.0'
    peerDependenciesMeta:
      typescript:
        optional: true

  '@solana/rpc-subscriptions-api@8.4.0':
    resolution: {integrity: sha512-qsSYyfmYSB8/VE6yks4Ls4fQyyi2VhS09PZaENfTSFk6iKAYyEnhOkwCu//MdeWOrrHDmGmxC2UdzpB61f+Fcg==}
    engines: {node: '>=20.18.0'}
    peerDependencies:
      typescript: '>=5.4.0'
    peerDependenciesMeta:
      typescript:
        optional: true

  '@solana/rpc-subscriptions-channel-websocket@8.4.0':
    resolution: {integrity: sha512-O0UAs9G/lgBRf4Aw7kvG5quHWDWdfuTn8BJUy3KOvCFADOOGrrH6leXLHJAMxN2T8KmyO28cs2+GGW/CD5kWNQ==}
    engines: {node: '>=20.18.0'}
    peerDependencies:
      typescript: '>=5.4.0'
    peerDependenciesMeta:
      typescript:
        optional: true

  '@solana/rpc-subscriptions-spec@8.4.0':
    resolution: {integrity: sha512-H7Jqleo+WR1hUcPexQCn5rIgGsXa7Ip0Pnl3Vzvv/DIpYEN5lpMrWXf3v9fVyG3jRxom5WW32xmYhiHa2dORzw==}
    engines: {node: '>=20.18.0'}
    peerDependencies:
      typescript: '>=5.4.0'
    peerDependenciesMeta:
      typescript:
        optional: true

  '@solana/rpc-subscriptions@8.4.0':
    resolution: {integrity: sha512-XkWl2flaGKkHzw6+StjVsYtJoB5xoGpnsdanXa1h1KnwK4HFFy/wsJ0P+5TY1Z0DR1IDn6voNl3KSQrQuEQm9Q==}
    engines: {node: '>=20.18.0'}
    peerDependencies:
      typescript: '>=5.4.0'
    peerDependenciesMeta:
      typescript:
        optional: true

  '@solana/rpc-transformers@8.4.0':
    resolution: {integrity: sha512-FTlLgsjN/1RKeBidS5Dfb81VpeqRYESiKg7jTkbY6MXVL96bOMUihQDXAjmgUMMp95nTykuQjKas7pkG2Zsz5w==}
    engines: {node: '>=20.18.0'}
    peerDependencies:
      typescript: '>=5.4.0'
    peerDependenciesMeta:
      typescript:
        optional: true

  '@solana/rpc-transport-http@8.4.0':
    resolution: {integrity: sha512-MSlFqehp1CpADeSozzb/YnBEvkBlIrTcmLIVmeKbcTMOELV5yZKnp+bMQl05Q0swsyTr423kQ1XvV9Oqk3/KoA==}
    engines: {node: '>=20.18.0'}
    peerDependencies:
      typescript: '>=5.4.0'
    peerDependenciesMeta:
      typescript:
        optional: true

  '@solana/rpc-types@8.4.0':
    resolution: {integrity: sha512-orCi24z9u7AdaozJfgtXwdwHErQy5vO3h6/wCBd/W0bWsfRXiCCWqJcZJqyoZvl1y0oESGEkZR0CzrpedyaAqg==}
    engines: {node: '>=20.18.0'}
    peerDependencies:
      typescript: '>=5.4.0'
    peerDependenciesMeta:
      typescript:
        optional: true

  '@solana/rpc@8.4.0':
    resolution: {integrity: sha512-xrJa4Bapskl1aud+qirKFbDy1A22vWHGwW9YKav20Q1YjJRItE8MfJ9N4c3MAtaSkC59QhBeHOsuf3F0gm+Hxw==}
    engines: {node: '>=20.18.0'}
    peerDependencies:
      typescript: '>=5.4.0'
    peerDependenciesMeta:
      typescript:
        optional: true

  '@solana/signers@8.4.0':
    resolution: {integrity: sha512-hqBzc1M/+y+6rUy7OVAisjoS0/pwhIB3B0VOoJfQ9yBjFmx8TguxcKevn4dP0DIeBK4HqQgiqJyJN0f5hbHfxQ==}
    engines: {node: '>=20.18.0'}
    peerDependencies:
      typescript: '>=5.4.0'
    peerDependenciesMeta:
      typescript:
        optional: true

  '@solana/subscribable@8.4.0':
    resolution: {integrity: sha512-EgRMZWnxo1GYan014TscE5i9iDl/dgazwRAgyQ/QRUtB5FVcedRHr0Wh6dW6MJno4htKN4rZsMN+jAuaxLNfmw==}
    engines: {node: '>=20.18.0'}
    peerDependencies:
      typescript: '>=5.4.0'
    peerDependenciesMeta:
      typescript:
        optional: true

  '@solana/sysvars@8.4.0':
    resolution: {integrity: sha512-M2Wk70cji0n0muwHuZiPpDLeRy3Iq19FSOCNQPC/VL5Bg4Ltm7G9PXPvX4/TEODfFGgOLGja4rZmFlECl7tlXg==}
    engines: {node: '>=20.18.0'}
    peerDependencies:
      typescript: '>=5.4.0'
    peerDependenciesMeta:
      typescript:
        optional: true

  '@solana/transaction-confirmation@8.4.0':
    resolution: {integrity: sha512-tTKRbzqUzpQGh4ZmL8MTyvZBWHzvcuvDrGROFk8vw2b1FINsv6BAKbxXKWUTWp2RO0ABcznMt+sFHAyPwQ/2/w==}
    engines: {node: '>=20.18.0'}
    peerDependencies:
      typescript: '>=5.4.0'
    peerDependenciesMeta:
      typescript:
        optional: true

  '@solana/transaction-introspection@8.4.0':
    resolution: {integrity: sha512-qVvPIRh7Q76k1UNcy2wZIKpA6emmfhMVNUFNheD+eCzOycGDcCT3Y/Mt7H5qU+dDq4NKLNR/20h4aRu1Qendbg==}
    engines: {node: '>=20.18.0'}
    peerDependencies:
      typescript: '>=5.4.0'
    peerDependenciesMeta:
      typescript:
        optional: true

  '@solana/transaction-messages@8.4.0':
    resolution: {integrity: sha512-LdihUr4z6bAIv44z13uaShCXgb9C8DY0gZ+RcW9U+CcaDJwWhgZuy5IG2TBAAGa5lbEyRcYPQxD+/aE6b1F/WA==}
    engines: {node: '>=20.18.0'}
    peerDependencies:
      typescript: '>=5.4.0'
    peerDependenciesMeta:
      typescript:
        optional: true

  '@solana/transactions@8.4.0':
    resolution: {integrity: sha512-+FFNSlr5vVTcGS9c7seH7mNnjZY21uZ3pHxiN9jeduODD7z+caKnGgjmzokZSDYapFUcupniIr736CrJNmbMFw==}
    engines: {node: '>=20.18.0'}
    peerDependencies:
      typescript: '>=5.4.0'
    peerDependenciesMeta:
      typescript:
        optional: true

  '@solana/wallet-account-signer@8.4.0':
    resolution: {integrity: sha512-GXorUHp3orsyn5DChoLt8GoHHB22onl+v2V1haVxXPDSDckDkXcLfXI3r/EouGbPDSVyTgTbksfYfWSsxcNQww==}
    engines: {node: '>=20.18.0'}
    peerDependencies:
      typescript: '>=5.4.0'
    peerDependenciesMeta:
      typescript:
        optional: true

  '@solana/wallet-standard-chains@1.1.2':
    resolution: {integrity: sha512-EZobEGclDBAFplpJC5F3d/s8Xnlqc5isNKuPrd5o9ZPZ7tWN84O0e68yIZ8MAOj9V7ieRadNiHtql7uIXCTyXg==}
    engines: {node: '>=22'}

  '@solana/wallet-standard-features@1.5.0':
    resolution: {integrity: sha512-gxlLaEfPAqbhd3LNkK0Ks2pbVvDm1SDGqBK/ynDQy13Gu+qiURLpRCfSPjbtrw5bmqQsZ6rS2YJHL31bY/Koag==}
    engines: {node: '>=22'}

  '@wallet-standard/app@1.1.1':
    resolution: {integrity: sha512-WDGwoByhP5gwHH01r5EaLgQdLVkACPCdOMQhmhn8rsm10h/siSgTorShzBxrn0ExSPof+Lu+C3TfgqBrPa1xoQ==}
    engines: {node: '>=22'}

  '@wallet-standard/base@1.1.1':
    resolution: {integrity: sha512-gggIHTtxicF9XFMQ12DkfS6NAG92Ak795JeSA7f2whAQ6Y3AkMWWuCMxSZXG2NIPN42kEaZSNVjqMsJRaJRxMQ==}
    engines: {node: '>=22'}

  '@wallet-standard/errors@0.1.2':
    resolution: {integrity: sha512-oEzKUqJefKby6wcIvaJgrSEe/uNn/rnqkJ0P/85K+h0i5Tdo9E3L22VWq/j5K1e8hHMnZd6LgaIr8m/Wn7X/Ng==}
    engines: {node: '>=22'}
    hasBin: true

  '@wallet-standard/features@1.1.1':
    resolution: {integrity: sha512-aCWYmVeSCGViyEU5k7GMoW8zxE4Gs+C1s1Pp2XLesvSNlnZ4PMES9HUnTB3hl0b3RVj7C61yze3IWyrncqg4MA==}
    engines: {node: '>=22'}

  '@wallet-standard/ui-compare@1.0.3':
    resolution: {integrity: sha512-AXst7auT0+5eIaj8MyUXZLopKWN2HwqiQNTVgcF80u9X9a/fsiiHi8tlY0dc/y/AIOM654cMpvpJqsJEZNV9pg==}
    engines: {node: '>=22'}

  '@wallet-standard/ui-core@1.0.1':
    resolution: {integrity: sha512-LFmsSjMw3wXfZgZ5eAFGdIJ1512dGTWIEeoPDKsc6mHf7cMU18tvtpe4bOL76lT9Qh1Gc+4+kdtwSkTuJ9L+jw==}
    engines: {node: '>=22'}

  '@wallet-standard/ui-features@1.0.3':
    resolution: {integrity: sha512-3YgxBoDXZCsaSyCNMph7i7G57ap+C6Y+l3HmTEQKigzTGxPUJ2mvqpTPwdj8D2cVkTKBzu8/78wweV7I9eG1rA==}
    engines: {node: '>=22'}

  '@wallet-standard/ui-registry@1.1.1':
    resolution: {integrity: sha512-vJDZ/K2xwIqkxiyWUhPb6s62bTMRbYPj0MCJa9lYsqHGZgMbKBI3ZjLJK5MzWow2VxoOfuR77HuJng+HDWt1hA==}
    engines: {node: '>=22'}

  '@wallet-standard/ui@1.0.3':
    resolution: {integrity: sha512-H2QJTR5m3PeHi06q8kj4TiRf3U+fEe6W+jw+hztPkjTRBVDeCIrwRhbdgAyI8yaGc7dBhzGYqhUQ9ecYj7x0rQ==}
    engines: {node: '>=22'}

  chalk@5.6.2:
    resolution: {integrity: sha512-7NzBL0rN6fMUW+f7A6Io4h40qQlG+xGmtMxfbnH/K7TAtt8JQWVQK+6g0UXKMeVJoyV5EkkNsErQ8pVD3bLHbA==}
    engines: {node: ^12.17.0 || ^14.13 || >=16.0.0}

  commander@13.1.0:
    resolution: {integrity: sha512-/rFeCpNJQbhSZjGVwO9RFV3xPqbnERS8MmIQzCtD/zl6gpJuV/bMLuN92oG3F7d8oDEHHRrujSXNUr8fpjntKw==}
    engines: {node: '>=18'}

  commander@15.0.0:
    resolution: {integrity: sha512-z67u4ZhzCL/Tydu1lJARtEZYWbWaN7oYLHbsuzocr6y4N6WZAagG3RQ4FW61V1/0+jImpj293XfrcYnd1qxtPg==}
    engines: {node: '>=22.12.0'}

  esbuild@0.25.0:
    resolution: {integrity: sha512-BXq5mqc8ltbaN34cDqWuYKyNhX8D/Z0J1xdtdQ8UcIIIyJyz+ZMKUt58tF3SrZ85jcfN/PZYhjR5uDQAYNVbuw==}
    engines: {node: '>=18'}
    hasBin: true

  undici-types@8.11.2:
    resolution: {integrity: sha512-iMVNmWZ0leK/goS6eXMizSzmm9CDWtyphwbaCms3DNLqRxDL+mMoNVcZMTyyVgXP0N+Z8neAMzDoUOUJL8veKg==}

  ws@8.22.0:
    resolution: {integrity: sha512-Ydggc987+RO0AnWtZ/7Wq9FtNvcrL1b/RO0ud9mWjUPgDrsAAwQSF51sm2hm1XofbU/4jkpGEsLFsZZxU+1DOg==}
    engines: {node: '>=10.0.0'}
    peerDependencies:
      bufferutil: ^4.0.1
      utf-8-validate: '>=5.0.2'
    peerDependenciesMeta:
      bufferutil:
        optional: true
      utf-8-validate:
        optional: true

snapshots:

  '@esbuild/aix-ppc64@0.25.0':
    optional: true

  '@esbuild/android-arm64@0.25.0':
    optional: true

  '@esbuild/android-arm@0.25.0':
    optional: true

  '@esbuild/android-x64@0.25.0':
    optional: true

  '@esbuild/darwin-arm64@0.25.0':
    optional: true

  '@esbuild/darwin-x64@0.25.0':
    optional: true

  '@esbuild/freebsd-arm64@0.25.0':
    optional: true

  '@esbuild/freebsd-x64@0.25.0':
    optional: true

  '@esbuild/linux-arm64@0.25.0':
    optional: true

  '@esbuild/linux-arm@0.25.0':
    optional: true

  '@esbuild/linux-ia32@0.25.0':
    optional: true

  '@esbuild/linux-loong64@0.25.0':
    optional: true

  '@esbuild/linux-mips64el@0.25.0':
    optional: true

  '@esbuild/linux-ppc64@0.25.0':
    optional: true

  '@esbuild/linux-riscv64@0.25.0':
    optional: true

  '@esbuild/linux-s390x@0.25.0':
    optional: true

  '@esbuild/linux-x64@0.25.0':
    optional: true

  '@esbuild/netbsd-arm64@0.25.0':
    optional: true

  '@esbuild/netbsd-x64@0.25.0':
    optional: true

  '@esbuild/openbsd-arm64@0.25.0':
    optional: true

  '@esbuild/openbsd-x64@0.25.0':
    optional: true

  '@esbuild/sunos-x64@0.25.0':
    optional: true

  '@esbuild/win32-arm64@0.25.0':
    optional: true

  '@esbuild/win32-ia32@0.25.0':
    optional: true

  '@esbuild/win32-x64@0.25.0':
    optional: true

  '@solana-program/memo@0.15.0(@solana/kit@8.4.0)':
    dependencies:
      '@solana/kit': 8.4.0

  '@solana/accounts@8.4.0':
    dependencies:
      '@solana/addresses': 8.4.0
      '@solana/codecs-core': 8.4.0
      '@solana/codecs-strings': 8.4.0
      '@solana/errors': 8.4.0
      '@solana/rpc-spec': 8.4.0
      '@solana/rpc-types': 8.4.0
    transitivePeerDependencies:
      - fastestsmallesttextencoderdecoder

  '@solana/addresses@8.4.0':
    dependencies:
      '@solana/assertions': 8.4.0
      '@solana/codecs-core': 8.4.0
      '@solana/codecs-strings': 8.4.0
      '@solana/errors': 8.4.0
      '@solana/nominal-types': 8.4.0
    transitivePeerDependencies:
      - fastestsmallesttextencoderdecoder

  '@solana/assertions@8.4.0':
    dependencies:
      '@solana/errors': 8.4.0

  '@solana/codecs-core@8.4.0':
    dependencies:
      '@solana/errors': 8.4.0

  '@solana/codecs-data-structures@8.4.0':
    dependencies:
      '@solana/codecs-core': 8.4.0
      '@solana/codecs-numbers': 8.4.0
      '@solana/errors': 8.4.0

  '@solana/codecs-numbers@8.4.0':
    dependencies:
      '@solana/codecs-core': 8.4.0
      '@solana/errors': 8.4.0

  '@solana/codecs-strings@8.4.0':
    dependencies:
      '@solana/codecs-core': 8.4.0
      '@solana/codecs-numbers': 8.4.0
      '@solana/errors': 8.4.0

  '@solana/codecs@8.4.0':
    dependencies:
      '@solana/codecs-core': 8.4.0
      '@solana/codecs-data-structures': 8.4.0
      '@solana/codecs-numbers': 8.4.0
      '@solana/codecs-strings': 8.4.0
      '@solana/fixed-points': 8.4.0
      '@solana/options': 8.4.0
    transitivePeerDependencies:
      - fastestsmallesttextencoderdecoder

  '@solana/errors@8.4.0':
    dependencies:
      chalk: 5.6.2
      commander: 15.0.0

  '@solana/fast-stable-stringify@8.4.0': {}

  '@solana/fixed-points@8.4.0':
    dependencies:
      '@solana/codecs-core': 8.4.0
      '@solana/errors': 8.4.0

  '@solana/functional@8.4.0': {}

  '@solana/instruction-plans@8.4.0':
    dependencies:
      '@solana/errors': 8.4.0
      '@solana/instructions': 8.4.0
      '@solana/keys': 8.4.0
      '@solana/promises': 8.4.0
      '@solana/transaction-messages': 8.4.0
      '@solana/transactions': 8.4.0
    transitivePeerDependencies:
      - fastestsmallesttextencoderdecoder

  '@solana/instructions@8.4.0':
    dependencies:
      '@solana/codecs-core': 8.4.0
      '@solana/errors': 8.4.0

  '@solana/keys@8.4.0':
    dependencies:
      '@solana/assertions': 8.4.0
      '@solana/codecs-core': 8.4.0
      '@solana/codecs-strings': 8.4.0
      '@solana/errors': 8.4.0
      '@solana/nominal-types': 8.4.0
      '@solana/promises': 8.4.0
    transitivePeerDependencies:
      - fastestsmallesttextencoderdecoder

  '@solana/kit-plugin-instruction-plan@0.19.0(@solana/kit@8.4.0)':
    dependencies:
      '@solana/kit': 8.4.0

  '@solana/kit-plugin-rpc@0.19.0(@solana/kit@8.4.0)':
    dependencies:
      '@solana/kit': 8.4.0
      '@solana/kit-plugin-instruction-plan': 0.19.0(@solana/kit@8.4.0)

  '@solana/kit-plugin-wallet@0.20.0(@solana/kit@8.4.0)':
    dependencies:
      '@solana/kit': 8.4.0
      '@solana/wallet-account-signer': 8.4.0
      '@solana/wallet-standard-chains': 1.1.2
      '@solana/wallet-standard-features': 1.5.0
      '@wallet-standard/app': 1.1.1
      '@wallet-standard/base': 1.1.1
      '@wallet-standard/features': 1.1.1
      '@wallet-standard/ui': 1.0.3
      '@wallet-standard/ui-features': 1.0.3
      '@wallet-standard/ui-registry': 1.1.1
    transitivePeerDependencies:
      - fastestsmallesttextencoderdecoder
      - typescript

  '@solana/kit@8.4.0':
    dependencies:
      '@solana/accounts': 8.4.0
      '@solana/addresses': 8.4.0
      '@solana/codecs': 8.4.0
      '@solana/errors': 8.4.0
      '@solana/functional': 8.4.0
      '@solana/instruction-plans': 8.4.0
      '@solana/instructions': 8.4.0
      '@solana/keys': 8.4.0
      '@solana/offchain-messages': 8.4.0
      '@solana/plugin-core': 8.4.0
      '@solana/plugin-interfaces': 8.4.0
      '@solana/program-client-core': 8.4.0
      '@solana/programs': 8.4.0
      '@solana/promises': 8.4.0
      '@solana/rpc': 8.4.0
      '@solana/rpc-api': 8.4.0
      '@solana/rpc-parsed-types': 8.4.0
      '@solana/rpc-spec-types': 8.4.0
      '@solana/rpc-subscriptions': 8.4.0
      '@solana/rpc-types': 8.4.0
      '@solana/signers': 8.4.0
      '@solana/subscribable': 8.4.0
      '@solana/sysvars': 8.4.0
      '@solana/transaction-confirmation': 8.4.0
      '@solana/transaction-introspection': 8.4.0
      '@solana/transaction-messages': 8.4.0
      '@solana/transactions': 8.4.0
    transitivePeerDependencies:
      - bufferutil
      - fastestsmallesttextencoderdecoder
      - utf-8-validate

  '@solana/nominal-types@8.4.0': {}

  '@solana/offchain-messages@8.4.0':
    dependencies:
      '@solana/addresses': 8.4.0
      '@solana/codecs-core': 8.4.0
      '@solana/codecs-data-structures': 8.4.0
      '@solana/codecs-numbers': 8.4.0
      '@solana/codecs-strings': 8.4.0
      '@solana/errors': 8.4.0
      '@solana/keys': 8.4.0
      '@solana/nominal-types': 8.4.0
    transitivePeerDependencies:
      - fastestsmallesttextencoderdecoder

  '@solana/options@8.4.0':
    dependencies:
      '@solana/codecs-core': 8.4.0
      '@solana/codecs-data-structures': 8.4.0
      '@solana/codecs-numbers': 8.4.0
      '@solana/codecs-strings': 8.4.0
      '@solana/errors': 8.4.0
    transitivePeerDependencies:
      - fastestsmallesttextencoderdecoder

  '@solana/plugin-core@8.4.0': {}

  '@solana/plugin-interfaces@8.4.0':
    dependencies:
      '@solana/accounts': 8.4.0
      '@solana/addresses': 8.4.0
      '@solana/instruction-plans': 8.4.0
      '@solana/keys': 8.4.0
      '@solana/rpc-spec': 8.4.0
      '@solana/rpc-subscriptions-spec': 8.4.0
      '@solana/rpc-types': 8.4.0
      '@solana/signers': 8.4.0
      '@solana/transactions': 8.4.0
    transitivePeerDependencies:
      - fastestsmallesttextencoderdecoder

  '@solana/program-client-core@8.4.0':
    dependencies:
      '@solana/accounts': 8.4.0
      '@solana/addresses': 8.4.0
      '@solana/codecs-core': 8.4.0
      '@solana/errors': 8.4.0
      '@solana/instruction-plans': 8.4.0
      '@solana/instructions': 8.4.0
      '@solana/plugin-interfaces': 8.4.0
      '@solana/rpc-api': 8.4.0
      '@solana/signers': 8.4.0
    transitivePeerDependencies:
      - fastestsmallesttextencoderdecoder

  '@solana/programs@8.4.0':
    dependencies:
      '@solana/addresses': 8.4.0
      '@solana/errors': 8.4.0
    transitivePeerDependencies:
      - fastestsmallesttextencoderdecoder

  '@solana/promises@8.4.0': {}

  '@solana/rpc-api@8.4.0':
    dependencies:
      '@solana/addresses': 8.4.0
      '@solana/codecs-core': 8.4.0
      '@solana/codecs-strings': 8.4.0
      '@solana/errors': 8.4.0
      '@solana/keys': 8.4.0
      '@solana/rpc-parsed-types': 8.4.0
      '@solana/rpc-spec': 8.4.0
      '@solana/rpc-transformers': 8.4.0
      '@solana/rpc-types': 8.4.0
      '@solana/transaction-messages': 8.4.0
      '@solana/transactions': 8.4.0
    transitivePeerDependencies:
      - fastestsmallesttextencoderdecoder

  '@solana/rpc-parsed-types@8.4.0': {}

  '@solana/rpc-spec-types@8.4.0':
    dependencies:
      '@solana/errors': 8.4.0

  '@solana/rpc-spec@8.4.0':
    dependencies:
      '@solana/errors': 8.4.0
      '@solana/rpc-spec-types': 8.4.0
      '@solana/subscribable': 8.4.0

  '@solana/rpc-subscriptions-api@8.4.0':
    dependencies:
      '@solana/addresses': 8.4.0
      '@solana/keys': 8.4.0
      '@solana/rpc-subscriptions-spec': 8.4.0
      '@solana/rpc-transformers': 8.4.0
      '@solana/rpc-types': 8.4.0
      '@solana/transaction-messages': 8.4.0
      '@solana/transactions': 8.4.0
    transitivePeerDependencies:
      - fastestsmallesttextencoderdecoder

  '@solana/rpc-subscriptions-channel-websocket@8.4.0':
    dependencies:
      '@solana/errors': 8.4.0
      '@solana/functional': 8.4.0
      '@solana/rpc-subscriptions-spec': 8.4.0
      '@solana/subscribable': 8.4.0
      ws: 8.22.0
    transitivePeerDependencies:
      - bufferutil
      - utf-8-validate

  '@solana/rpc-subscriptions-spec@8.4.0':
    dependencies:
      '@solana/errors': 8.4.0
      '@solana/promises': 8.4.0
      '@solana/rpc-spec-types': 8.4.0
      '@solana/subscribable': 8.4.0

  '@solana/rpc-subscriptions@8.4.0':
    dependencies:
      '@solana/errors': 8.4.0
      '@solana/fast-stable-stringify': 8.4.0
      '@solana/functional': 8.4.0
      '@solana/promises': 8.4.0
      '@solana/rpc-spec-types': 8.4.0
      '@solana/rpc-subscriptions-api': 8.4.0
      '@solana/rpc-subscriptions-channel-websocket': 8.4.0
      '@solana/rpc-subscriptions-spec': 8.4.0
      '@solana/rpc-transformers': 8.4.0
      '@solana/rpc-types': 8.4.0
      '@solana/subscribable': 8.4.0
    transitivePeerDependencies:
      - bufferutil
      - fastestsmallesttextencoderdecoder
      - utf-8-validate

  '@solana/rpc-transformers@8.4.0':
    dependencies:
      '@solana/errors': 8.4.0
      '@solana/functional': 8.4.0
      '@solana/nominal-types': 8.4.0
      '@solana/rpc-spec-types': 8.4.0
      '@solana/rpc-types': 8.4.0
    transitivePeerDependencies:
      - fastestsmallesttextencoderdecoder

  '@solana/rpc-transport-http@8.4.0':
    dependencies:
      '@solana/errors': 8.4.0
      '@solana/rpc-spec': 8.4.0
      '@solana/rpc-spec-types': 8.4.0
      undici-types: 8.11.2

  '@solana/rpc-types@8.4.0':
    dependencies:
      '@solana/addresses': 8.4.0
      '@solana/codecs-core': 8.4.0
      '@solana/codecs-numbers': 8.4.0
      '@solana/codecs-strings': 8.4.0
      '@solana/errors': 8.4.0
      '@solana/fixed-points': 8.4.0
      '@solana/nominal-types': 8.4.0
    transitivePeerDependencies:
      - fastestsmallesttextencoderdecoder

  '@solana/rpc@8.4.0':
    dependencies:
      '@solana/errors': 8.4.0
      '@solana/fast-stable-stringify': 8.4.0
      '@solana/functional': 8.4.0
      '@solana/rpc-api': 8.4.0
      '@solana/rpc-spec': 8.4.0
      '@solana/rpc-spec-types': 8.4.0
      '@solana/rpc-transformers': 8.4.0
      '@solana/rpc-transport-http': 8.4.0
      '@solana/rpc-types': 8.4.0
    transitivePeerDependencies:
      - fastestsmallesttextencoderdecoder

  '@solana/signers@8.4.0':
    dependencies:
      '@solana/addresses': 8.4.0
      '@solana/codecs-core': 8.4.0
      '@solana/errors': 8.4.0
      '@solana/instructions': 8.4.0
      '@solana/keys': 8.4.0
      '@solana/nominal-types': 8.4.0
      '@solana/offchain-messages': 8.4.0
      '@solana/transaction-messages': 8.4.0
      '@solana/transactions': 8.4.0
    transitivePeerDependencies:
      - fastestsmallesttextencoderdecoder

  '@solana/subscribable@8.4.0':
    dependencies:
      '@solana/errors': 8.4.0
      '@solana/promises': 8.4.0

  '@solana/sysvars@8.4.0':
    dependencies:
      '@solana/accounts': 8.4.0
      '@solana/codecs-core': 8.4.0
      '@solana/codecs-data-structures': 8.4.0
      '@solana/codecs-numbers': 8.4.0
      '@solana/errors': 8.4.0
      '@solana/rpc-types': 8.4.0
    transitivePeerDependencies:
      - fastestsmallesttextencoderdecoder

  '@solana/transaction-confirmation@8.4.0':
    dependencies:
      '@solana/addresses': 8.4.0
      '@solana/codecs-strings': 8.4.0
      '@solana/errors': 8.4.0
      '@solana/keys': 8.4.0
      '@solana/promises': 8.4.0
      '@solana/rpc': 8.4.0
      '@solana/rpc-subscriptions': 8.4.0
      '@solana/rpc-types': 8.4.0
      '@solana/transaction-messages': 8.4.0
      '@solana/transactions': 8.4.0
    transitivePeerDependencies:
      - bufferutil
      - fastestsmallesttextencoderdecoder
      - utf-8-validate

  '@solana/transaction-introspection@8.4.0':
    dependencies:
      '@solana/addresses': 8.4.0
      '@solana/codecs-core': 8.4.0
      '@solana/codecs-strings': 8.4.0
      '@solana/errors': 8.4.0
      '@solana/instructions': 8.4.0
      '@solana/rpc-types': 8.4.0
      '@solana/transaction-messages': 8.4.0
      '@solana/transactions': 8.4.0
    transitivePeerDependencies:
      - fastestsmallesttextencoderdecoder

  '@solana/transaction-messages@8.4.0':
    dependencies:
      '@solana/addresses': 8.4.0
      '@solana/codecs-core': 8.4.0
      '@solana/codecs-data-structures': 8.4.0
      '@solana/codecs-numbers': 8.4.0
      '@solana/errors': 8.4.0
      '@solana/functional': 8.4.0
      '@solana/instructions': 8.4.0
      '@solana/nominal-types': 8.4.0
      '@solana/rpc-types': 8.4.0
    transitivePeerDependencies:
      - fastestsmallesttextencoderdecoder

  '@solana/transactions@8.4.0':
    dependencies:
      '@solana/addresses': 8.4.0
      '@solana/codecs-core': 8.4.0
      '@solana/codecs-data-structures': 8.4.0
      '@solana/codecs-numbers': 8.4.0
      '@solana/codecs-strings': 8.4.0
      '@solana/errors': 8.4.0
      '@solana/functional': 8.4.0
      '@solana/instructions': 8.4.0
      '@solana/keys': 8.4.0
      '@solana/nominal-types': 8.4.0
      '@solana/rpc-types': 8.4.0
      '@solana/transaction-messages': 8.4.0
    transitivePeerDependencies:
      - fastestsmallesttextencoderdecoder

  '@solana/wallet-account-signer@8.4.0':
    dependencies:
      '@solana/addresses': 8.4.0
      '@solana/codecs-core': 8.4.0
      '@solana/keys': 8.4.0
      '@solana/promises': 8.4.0
      '@solana/signers': 8.4.0
      '@solana/transaction-messages': 8.4.0
      '@solana/transactions': 8.4.0
      '@solana/wallet-standard-chains': 1.1.2
      '@solana/wallet-standard-features': 1.5.0
      '@wallet-standard/base': 1.1.1
      '@wallet-standard/errors': 0.1.2
      '@wallet-standard/ui': 1.0.3
      '@wallet-standard/ui-registry': 1.1.1
    transitivePeerDependencies:
      - fastestsmallesttextencoderdecoder

  '@solana/wallet-standard-chains@1.1.2':
    dependencies:
      '@wallet-standard/base': 1.1.1

  '@solana/wallet-standard-features@1.5.0':
    dependencies:
      '@wallet-standard/base': 1.1.1
      '@wallet-standard/features': 1.1.1

  '@wallet-standard/app@1.1.1':
    dependencies:
      '@wallet-standard/base': 1.1.1

  '@wallet-standard/base@1.1.1': {}

  '@wallet-standard/errors@0.1.2':
    dependencies:
      chalk: 5.6.2
      commander: 13.1.0

  '@wallet-standard/features@1.1.1':
    dependencies:
      '@wallet-standard/base': 1.1.1

  '@wallet-standard/ui-compare@1.0.3':
    dependencies:
      '@wallet-standard/base': 1.1.1
      '@wallet-standard/ui-core': 1.0.1
      '@wallet-standard/ui-registry': 1.1.1

  '@wallet-standard/ui-core@1.0.1':
    dependencies:
      '@wallet-standard/base': 1.1.1

  '@wallet-standard/ui-features@1.0.3':
    dependencies:
      '@wallet-standard/base': 1.1.1
      '@wallet-standard/errors': 0.1.2
      '@wallet-standard/ui-core': 1.0.1
      '@wallet-standard/ui-registry': 1.1.1

  '@wallet-standard/ui-registry@1.1.1':
    dependencies:
      '@wallet-standard/base': 1.1.1
      '@wallet-standard/errors': 0.1.2
      '@wallet-standard/ui-core': 1.0.1

  '@wallet-standard/ui@1.0.3':
    dependencies:
      '@wallet-standard/ui-compare': 1.0.3
      '@wallet-standard/ui-core': 1.0.1
      '@wallet-standard/ui-features': 1.0.3

  chalk@5.6.2: {}

  commander@13.1.0: {}

  commander@15.0.0: {}

  esbuild@0.25.0:
    optionalDependencies:
      '@esbuild/aix-ppc64': 0.25.0
      '@esbuild/android-arm': 0.25.0
      '@esbuild/android-arm64': 0.25.0
      '@esbuild/android-x64': 0.25.0
      '@esbuild/darwin-arm64': 0.25.0
      '@esbuild/darwin-x64': 0.25.0
      '@esbuild/freebsd-arm64': 0.25.0
      '@esbuild/freebsd-x64': 0.25.0
      '@esbuild/linux-arm': 0.25.0
      '@esbuild/linux-arm64': 0.25.0
      '@esbuild/linux-ia32': 0.25.0
      '@esbuild/linux-loong64': 0.25.0
      '@esbuild/linux-mips64el': 0.25.0
      '@esbuild/linux-ppc64': 0.25.0
      '@esbuild/linux-riscv64': 0.25.0
      '@esbuild/linux-s390x': 0.25.0
      '@esbuild/linux-x64': 0.25.0
      '@esbuild/netbsd-arm64': 0.25.0
      '@esbuild/netbsd-x64': 0.25.0
      '@esbuild/openbsd-arm64': 0.25.0
      '@esbuild/openbsd-x64': 0.25.0
      '@esbuild/sunos-x64': 0.25.0
      '@esbuild/win32-arm64': 0.25.0
      '@esbuild/win32-ia32': 0.25.0
      '@esbuild/win32-x64': 0.25.0

  undici-types@8.11.2: {}

  ws@8.22.0: {}
